
Microsoft Visual Studio Solution File, Format Version 12.00
Project("{FAE04EC0-301F-11D3-BF4B-00C04F79EFBC}") = "ConsoleApp1", "ConsoleApp1\ConsoleApp1.csproj", "{E38FA904-D0F8-481A-A032-22ECE23057AE}"
EndProject
Global
	GlobalSection(SolutionConfigurationPlatforms) = preSolution
		Debug|Any CPU = Debug|Any CPU
		Release|Any CPU = Release|Any CPU
	EndGlobalSection
	GlobalSection(ProjectConfigurationPlatforms) = postSolution
		{E38FA904-D0F8-481A-A032-22ECE23057AE}.Debug|Any CPU.ActiveCfg = Debug|Any CPU
		{E38FA904-D0F8-481A-A032-22ECE23057AE}.Debug|Any CPU.Build.0 = Debug|Any CPU
		{E38FA904-D0F8-481A-A032-22ECE23057AE}.Release|Any CPU.ActiveCfg = Release|Any CPU
		{E38FA904-D0F8-481A-A032-22ECE23057AE}.Release|Any CPU.Build.0 = Release|Any CPU
	EndGlobalSection
EndGlobal
